
Microsoft Visual Studio Solution File, Format Version 12.00
# Visual Studio 15
VisualStudioVersion = 15.0.27703.2047
MinimumVisualStudioVersion = 10.0.40219.1
Project("{FAE04EC0-301F-11D3-BF4B-00C04F79EFBC}") = "EtherscanParse", "EtherscanParse\EtherscanParse.csproj", "{619E6691-D968-4542-A834-0AB4120A3CDC}"
EndProject
Project("{FAE04EC0-301F-11D3-BF4B-00C04F79EFBC}") = "EtherscanParse.Test", "EtherscanParse.Test\EtherscanParse.Test.csproj", "{C9DDD0D9-DF10-4943-A9F9-C73350502D62}"
EndProject
Global
	GlobalSection(SolutionConfigurationPlatforms) = preSolution
		Debug|Any CPU = Debug|Any CPU
		Release|Any CPU = Release|Any CPU
	EndGlobalSection
	GlobalSection(ProjectConfigurationPlatforms) = postSolution
		{619E6691-D968-4542-A834-0AB4120A3CDC}.Debug|Any CPU.ActiveCfg = Debug|Any CPU
		{619E6691-D968-4542-A834-0AB4120A3CDC}.Debug|Any CPU.Build.0 = Debug|Any CPU
		{619E6691-D968-4542-A834-0AB4120A3CDC}.Release|Any CPU.ActiveCfg = Release|Any CPU
		{619E6691-D968-4542-A834-0AB4120A3CDC}.Release|Any CPU.Build.0 = Release|Any CPU
		{C9DDD0D9-DF10-4943-A9F9-C73350502D62}.Debug|Any CPU.ActiveCfg = Debug|Any CPU
		{C9DDD0D9-DF10-4943-A9F9-C73350502D62}.Debug|Any CPU.Build.0 = Debug|Any CPU
		{C9DDD0D9-DF10-4943-A9F9-C73350502D62}.Release|Any CPU.ActiveCfg = Release|Any CPU
		{C9DDD0D9-DF10-4943-A9F9-C73350502D62}.Release|Any CPU.Build.0 = Release|Any CPU
	EndGlobalSection
	GlobalSection(SolutionProperties) = preSolution
		HideSolutionNode = FALSE
	EndGlobalSection
	GlobalSection(ExtensibilityGlobals) = postSolution
		SolutionGuid = {49D35AB9-4B07-4492-9F8B-82F9C3C9BE09}
	EndGlobalSection
EndGlobal
